
Microsoft Visual Studio Solution File, Format Version 12.00
# Visual Studio Version 17
VisualStudioVersion = 17.5.33516.290
MinimumVisualStudioVersion = 10.0.40219.1
Project("{8BC9CEB8-8B4A-11D0-8D11-00A0C91BC942}") = "CSES_1083", "CSES_1083.vcxproj", "{69AFE392-B511-4742-BC45-F83F111C8ADB}"
EndProject
Global
	GlobalSection(SolutionConfigurationPlatforms) = preSolution
		Debug|x64 = Debug|x64
		Release|x64 = Release|x64
	EndGlobalSection
	GlobalSection(ProjectConfigurationPlatforms) = postSolution
		{69AFE392-B511-4742-BC45-F83F111C8ADB}.Debug|x64.ActiveCfg = Debug|x64
		{69AFE392-B511-4742-BC45-F83F111C8ADB}.Debug|x64.Build.0 = Debug|x64
		{69AFE392-B511-4742-BC45-F83F111C8ADB}.Release|x64.ActiveCfg = Release|x64
		{69AFE392-B511-4742-BC45-F83F111C8ADB}.Release|x64.Build.0 = Release|x64
	EndGlobalSection
	GlobalSection(SolutionProperties) = preSolution
		HideSolutionNode = FALSE
	EndGlobalSection
	GlobalSection(ExtensibilityGlobals) = postSolution
		SolutionGuid = {287E5C0A-65AA-4E20-BE47-B047CC45D944}
	EndGlobalSection
EndGlobal
